# Generated by pub
# See https://dart.dev/tools/pub/glossary#lockfile
packages:
  hive:
    dependency: "direct main"
    description:
      name: hive
      url: "https://pub.dartlang.org"
    source: hosted
    version: "0.4.1+1"
  meta:
    dependency: transitive
    description:
      name: meta
      url: "https://pub.dartlang.org"
    source: hosted
    version: "1.1.7"
  path:
    dependency: transitive
    description:
      name: path
      url: "https://pub.dartlang.org"
    source: hosted
    version: "1.6.4"
  pointycastle:
    dependency: transitive
    description:
      name: pointycastle
      url: "https://pub.dartlang.org"
    source: hosted
    version: "1.0.1"
  repository:
    dependency: "direct main"
    description:
      name: repository
      url: "https://pub.dartlang.org"
    source: hosted
    version: "1.0.0"
  rxdart:
    dependency: transitive
    description:
      name: rxdart
      url: "https://pub.dartlang.org"
    source: hosted
    version: "0.22.1+1"
sdks:
  dart: ">=2.2.2 <3.0.0"
