# Generated by pub
# See https://dart.dev/tools/pub/glossary#lockfile
packages:
  collection:
    dependency: transitive
    description:
      name: collection
      url: "https://pub.dartlang.org"
    source: hosted
    version: "1.14.11"
  flutter:
    dependency: "direct main"
    description: flutter
    source: sdk
    version: "0.0.0"
  hive:
    dependency: "direct main"
    description:
      name: hive
      url: "https://pub.dartlang.org"
    source: hosted
    version: "0.4.1+1"
  meta:
    dependency: transitive
    description:
      name: meta
      url: "https://pub.dartlang.org"
    source: hosted
    version: "1.1.7"
  path:
    dependency: transitive
    description:
      name: path
      url: "https://pub.dartlang.org"
    source: hosted
    version: "1.6.4"
  path_provider:
    dependency: transitive
    description:
      name: path_provider
      url: "https://pub.dartlang.org"
    source: hosted
    version: "1.2.0"
  pointycastle:
    dependency: transitive
    description:
      name: pointycastle
      url: "https://pub.dartlang.org"
    source: hosted
    version: "1.0.1"
  provider:
    dependency: transitive
    description:
      name: provider
      url: "https://pub.dartlang.org"
    source: hosted
    version: "3.1.0"
  repository:
    dependency: "direct main"
    description:
      name: repository
      url: "https://pub.dartlang.org"
    source: hosted
    version: "0.0.1"
  rxdart:
    dependency: transitive
    description:
      name: rxdart
      url: "https://pub.dartlang.org"
    source: hosted
    version: "0.22.1+1"
  shared_preferences:
    dependency: transitive
    description:
      name: shared_preferences
      url: "https://pub.dartlang.org"
    source: hosted
    version: "0.5.3+4"
  sky_engine:
    dependency: transitive
    description: flutter
    source: sdk
    version: "0.0.99"
  typed_data:
    dependency: transitive
    description:
      name: typed_data
      url: "https://pub.dartlang.org"
    source: hosted
    version: "1.1.6"
  vector_math:
    dependency: transitive
    description:
      name: vector_math
      url: "https://pub.dartlang.org"
    source: hosted
    version: "2.0.8"
sdks:
  dart: ">=2.2.2 <3.0.0"
  flutter: ">=1.5.0 <2.0.0"
